// !$*UTF8*$!
{
	archiveVersion = 1;
	classes = {
	};
	objectVersion = 48;
	objects = {

/* Begin PBXBuildFile section */
		F727D5FA20AFAE450024B1F0 /* AppDelegate.m in Sources */ = {isa = PBXBuildFile; fileRef = F727D5F920AFAE450024B1F0 /* AppDelegate.m */; };
		F727D5FD20AFAE450024B1F0 /* ViewController.m in Sources */ = {isa = PBXBuildFile; fileRef = F727D5FC20AFAE450024B1F0 /* ViewController.m */; };
		F727D60020AFAE450024B1F0 /* Main.storyboard in Resources */ = {isa = PBXBuildFile; fileRef = F727D5FE20AFAE450024B1F0 /* Main.storyboard */; };
		F727D60220AFAE450024B1F0 /* Assets.xcassets in Resources */ = {isa = PBXBuildFile; fileRef = F727D60120AFAE450024B1F0 /* Assets.xcassets */; };
		F727D60520AFAE450024B1F0 /* LaunchScreen.storyboard in Resources */ = {isa = PBXBuildFile; fileRef = F727D60320AFAE450024B1F0 /* LaunchScreen.storyboard */; };
		F727D60820AFAE450024B1F0 /* main.m in Sources */ = {isa = PBXBuildFile; fileRef = F727D60720AFAE450024B1F0 /* main.m */; };
		F727D61220AFAE450024B1F0 /* WQAutoScrollLabelTests.m in Sources */ = {isa = PBXBuildFile; fileRef = F727D61120AFAE450024B1F0 /* WQAutoScrollLabelTests.m */; };
		F727D61D20AFAE450024B1F0 /* WQAutoScrollLabelUITests.m in Sources */ = {isa = PBXBuildFile; fileRef = F727D61C20AFAE450024B1F0 /* WQAutoScrollLabelUITests.m */; };
		F727D62C20AFAEA40024B1F0 /* WQAutoScrollView.m in Sources */ = {isa = PBXBuildFile; fileRef = F727D62B20AFAEA40024B1F0 /* WQAutoScrollView.m */; };
		F727D62F20B044070024B1F0 /* AViewController.m in Sources */ = {isa = PBXBuildFile; fileRef = F727D62E20B044070024B1F0 /* AViewController.m */; };
/* End PBXBuildFile section */

/* Begin PBXContainerItemProxy section */
		F727D60E20AFAE450024B1F0 /* PBXContainerItemProxy */ = {
			isa = PBXContainerItemProxy;
			containerPortal = F727D5ED20AFAE450024B1F0 /* Project object */;
			proxyType = 1;
			remoteGlobalIDString = F727D5F420AFAE450024B1F0;
			remoteInfo = WQAutoScrollLabel;
		};
		F727D61920AFAE450024B1F0 /* PBXContainerItemProxy */ = {
			isa = PBXContainerItemProxy;
			containerPortal = F727D5ED20AFAE450024B1F0 /* Project object */;
			proxyType = 1;
			remoteGlobalIDString = F727D5F420AFAE450024B1F0;
			remoteInfo = WQAutoScrollLabel;
		};
/* End PBXContainerItemProxy section */

/* Begin PBXFileReference section */
		F727D5F520AFAE450024B1F0 /* WQAutoScrollLabel.app */ = {isa = PBXFileReference; explicitFileType = wrapper.application; includeInIndex = 0; path = WQAutoScrollLabel.app; sourceTree = BUILT_PRODUCTS_DIR; };
		F727D5F820AFAE450024B1F0 /* AppDelegate.h */ = {isa = PBXFileReference; lastKnownFileType = sourcecode.c.h; path = AppDelegate.h; sourceTree = "<group>"; };
		F727D5F920AFAE450024B1F0 /* AppDelegate.m */ = {isa = PBXFileReference; lastKnownFileType = sourcecode.c.objc; path = AppDelegate.m; sourceTree = "<group>"; };
		F727D5FB20AFAE450024B1F0 /* ViewController.h */ = {isa = PBXFileReference; lastKnownFileType = sourcecode.c.h; path = ViewController.h; sourceTree = "<group>"; };
		F727D5FC20AFAE450024B1F0 /* ViewController.m */ = {isa = PBXFileReference; lastKnownFileType = sourcecode.c.objc; path = ViewController.m; sourceTree = "<group>"; };
		F727D5FF20AFAE450024B1F0 /* Base */ = {isa = PBXFileReference; lastKnownFileType = file.storyboard; name = Base; path = Base.lproj/Main.storyboard; sourceTree = "<group>"; };
		F727D60120AFAE450024B1F0 /* Assets.xcassets */ = {isa = PBXFileReference; lastKnownFileType = folder.assetcatalog; path = Assets.xcassets; sourceTree = "<group>"; };
		F727D60420AFAE450024B1F0 /* Base */ = {isa = PBXFileReference; lastKnownFileType = file.storyboard; name = Base; path = Base.lproj/LaunchScreen.storyboard; sourceTree = "<group>"; };
		F727D60620AFAE450024B1F0 /* Info.plist */ = {isa = PBXFileReference; lastKnownFileType = text.plist.xml; path = Info.plist; sourceTree = "<group>"; };
		F727D60720AFAE450024B1F0 /* main.m */ = {isa = PBXFileReference; lastKnownFileType = sourcecode.c.objc; path = main.m; sourceTree = "<group>"; };
		F727D60D20AFAE450024B1F0 /* WQAutoScrollLabelTests.xctest */ = {isa = PBXFileReference; explicitFileType = wrapper.cfbundle; includeInIndex = 0; path = WQAutoScrollLabelTests.xctest; sourceTree = BUILT_PRODUCTS_DIR; };
		F727D61120AFAE450024B1F0 /* WQAutoScrollLabelTests.m */ = {isa = PBXFileReference; lastKnownFileType = sourcecode.c.objc; path = WQAutoScrollLabelTests.m; sourceTree = "<group>"; };
		F727D61320AFAE450024B1F0 /* Info.plist */ = {isa = PBXFileReference; lastKnownFileType = text.plist.xml; path = Info.plist; sourceTree = "<group>"; };
		F727D61820AFAE450024B1F0 /* WQAutoScrollLabelUITests.xctest */ = {isa = PBXFileReference; explicitFileType = wrapper.cfbundle; includeInIndex = 0; path = WQAutoScrollLabelUITests.xctest; sourceTree = BUILT_PRODUCTS_DIR; };
		F727D61C20AFAE450024B1F0 /* WQAutoScrollLabelUITests.m */ = {isa = PBXFileReference; lastKnownFileType = sourcecode.c.objc; path = WQAutoScrollLabelUITests.m; sourceTree = "<group>"; };
		F727D61E20AFAE450024B1F0 /* Info.plist */ = {isa = PBXFileReference; lastKnownFileType = text.plist.xml; path = Info.plist; sourceTree = "<group>"; };
		F727D62A20AFAEA40024B1F0 /* WQAutoScrollView.h */ = {isa = PBXFileReference; lastKnownFileType = sourcecode.c.h; path = WQAutoScrollView.h; sourceTree = "<group>"; };
		F727D62B20AFAEA40024B1F0 /* WQAutoScrollView.m */ = {isa = PBXFileReference; lastKnownFileType = sourcecode.c.objc; path = WQAutoScrollView.m; sourceTree = "<group>"; };
		F727D62D20B044070024B1F0 /* AViewController.h */ = {isa = PBXFileReference; lastKnownFileType = sourcecode.c.h; path = AViewController.h; sourceTree = "<group>"; };
		F727D62E20B044070024B1F0 /* AViewController.m */ = {isa = PBXFileReference; lastKnownFileType = sourcecode.c.objc; path = AViewController.m; sourceTree = "<group>"; };
/* End PBXFileReference section */

/* Begin PBXFrameworksBuildPhase section */
		F727D5F220AFAE450024B1F0 /* Frameworks */ = {
			isa = PBXFrameworksBuildPhase;
			buildActionMask = 2147483647;
			files = (
			);
			runOnlyForDeploymentPostprocessing = 0;
		};
		F727D60A20AFAE450024B1F0 /* Frameworks */ = {
			isa = PBXFrameworksBuildPhase;
			buildActionMask = 2147483647;
			files = (
			);
			runOnlyForDeploymentPostprocessing = 0;
		};
		F727D61520AFAE450024B1F0 /* Frameworks */ = {
			isa = PBXFrameworksBuildPhase;
			buildActionMask = 2147483647;
			files = (
			);
			runOnlyForDeploymentPostprocessing = 0;
		};
/* End PBXFrameworksBuildPhase section */

/* Begin PBXGroup section */
		F727D5EC20AFAE450024B1F0 = {
			isa = PBXGroup;
			children = (
				F727D5F720AFAE450024B1F0 /* WQAutoScrollLabel */,
				F727D61020AFAE450024B1F0 /* WQAutoScrollLabelTests */,
				F727D61B20AFAE450024B1F0 /* WQAutoScrollLabelUITests */,
				F727D5F620AFAE450024B1F0 /* Products */,
			);
			sourceTree = "<group>";
		};
		F727D5F620AFAE450024B1F0 /* Products */ = {
			isa = PBXGroup;
			children = (
				F727D5F520AFAE450024B1F0 /* WQAutoScrollLabel.app */,
				F727D60D20AFAE450024B1F0 /* WQAutoScrollLabelTests.xctest */,
				F727D61820AFAE450024B1F0 /* WQAutoScrollLabelUITests.xctest */,
			);
			name = Products;
			sourceTree = "<group>";
		};
		F727D5F720AFAE450024B1F0 /* WQAutoScrollLabel */ = {
			isa = PBXGroup;
			children = (
				F727D5F820AFAE450024B1F0 /* AppDelegate.h */,
				F727D5F920AFAE450024B1F0 /* AppDelegate.m */,
				F727D5FB20AFAE450024B1F0 /* ViewController.h */,
				F727D5FC20AFAE450024B1F0 /* ViewController.m */,
				F727D62D20B044070024B1F0 /* AViewController.h */,
				F727D62E20B044070024B1F0 /* AViewController.m */,
				F727D62A20AFAEA40024B1F0 /* WQAutoScrollView.h */,
				F727D62B20AFAEA40024B1F0 /* WQAutoScrollView.m */,
				F727D5FE20AFAE450024B1F0 /* Main.storyboard */,
				F727D60120AFAE450024B1F0 /* Assets.xcassets */,
				F727D60320AFAE450024B1F0 /* LaunchScreen.storyboard */,
				F727D60620AFAE450024B1F0 /* Info.plist */,
				F727D60720AFAE450024B1F0 /* main.m */,
			);
			path = WQAutoScrollLabel;
			sourceTree = "<group>";
		};
		F727D61020AFAE450024B1F0 /* WQAutoScrollLabelTests */ = {
			isa = PBXGroup;
			children = (
				F727D61120AFAE450024B1F0 /* WQAutoScrollLabelTests.m */,
				F727D61320AFAE450024B1F0 /* Info.plist */,
			);
			path = WQAutoScrollLabelTests;
			sourceTree = "<group>";
		};
		F727D61B20AFAE450024B1F0 /* WQAutoScrollLabelUITests */ = {
			isa = PBXGroup;
			children = (
				F727D61C20AFAE450024B1F0 /* WQAutoScrollLabelUITests.m */,
				F727D61E20AFAE450024B1F0 /* Info.plist */,
			);
			path = WQAutoScrollLabelUITests;
			sourceTree = "<group>";
		};
/* End PBXGroup section */

/* Begin PBXNativeTarget section */
		F727D5F420AFAE450024B1F0 /* WQAutoScrollLabel */ = {
			isa = PBXNativeTarget;
			buildConfigurationList = F727D62120AFAE450024B1F0 /* Build configuration list for PBXNativeTarget "WQAutoScrollLabel" */;
			buildPhases = (
				F727D5F120AFAE450024B1F0 /* Sources */,
				F727D5F220AFAE450024B1F0 /* Frameworks */,
				F727D5F320AFAE450024B1F0 /* Resources */,
			);
			buildRules = (
			);
			dependencies = (
			);
			name = WQAutoScrollLabel;
			productName = WQAutoScrollLabel;
			productReference = F727D5F520AFAE450024B1F0 /* WQAutoScrollLabel.app */;
			productType = "com.apple.product-type.application";
		};
		F727D60C20AFAE450024B1F0 /* WQAutoScrollLabelTests */ = {
			isa = PBXNativeTarget;
			buildConfigurationList = F727D62420AFAE450024B1F0 /* Build configuration list for PBXNativeTarget "WQAutoScrollLabelTests" */;
			buildPhases = (
				F727D60920AFAE450024B1F0 /* Sources */,
				F727D60A20AFAE450024B1F0 /* Frameworks */,
				F727D60B20AFAE450024B1F0 /* Resources */,
			);
			buildRules = (
			);
			dependencies = (
				F727D60F20AFAE450024B1F0 /* PBXTargetDependency */,
			);
			name = WQAutoScrollLabelTests;
			productName = WQAutoScrollLabelTests;
			productReference = F727D60D20AFAE450024B1F0 /* WQAutoScrollLabelTests.xctest */;
			productType = "com.apple.product-type.bundle.unit-test";
		};
		F727D61720AFAE450024B1F0 /* WQAutoScrollLabelUITests */ = {
			isa = PBXNativeTarget;
			buildConfigurationList = F727D62720AFAE450024B1F0 /* Build configuration list for PBXNativeTarget "WQAutoScrollLabelUITests" */;
			buildPhases = (
				F727D61420AFAE450024B1F0 /* Sources */,
				F727D61520AFAE450024B1F0 /* Frameworks */,
				F727D61620AFAE450024B1F0 /* Resources */,
			);
			buildRules = (
			);
			dependencies = (
				F727D61A20AFAE450024B1F0 /* PBXTargetDependency */,
			);
			name = WQAutoScrollLabelUITests;
			productName = WQAutoScrollLabelUITests;
			productReference = F727D61820AFAE450024B1F0 /* WQAutoScrollLabelUITests.xctest */;
			productType = "com.apple.product-type.bundle.ui-testing";
		};
/* End PBXNativeTarget section */

/* Begin PBXProject section */
		F727D5ED20AFAE450024B1F0 /* Project object */ = {
			isa = PBXProject;
			attributes = {
				LastUpgradeCheck = 0910;
				ORGANIZATIONNAME = xfq;
				TargetAttributes = {
					F727D5F420AFAE450024B1F0 = {
						CreatedOnToolsVersion = 9.1;
						ProvisioningStyle = Automatic;
					};
					F727D60C20AFAE450024B1F0 = {
						CreatedOnToolsVersion = 9.1;
						ProvisioningStyle = Automatic;
						TestTargetID = F727D5F420AFAE450024B1F0;
					};
					F727D61720AFAE450024B1F0 = {
						CreatedOnToolsVersion = 9.1;
						ProvisioningStyle = Automatic;
						TestTargetID = F727D5F420AFAE450024B1F0;
					};
				};
			};
			buildConfigurationList = F727D5F020AFAE450024B1F0 /* Build configuration list for PBXProject "WQAutoScrollLabel" */;
			compatibilityVersion = "Xcode 8.0";
			developmentRegion = en;
			hasScannedForEncodings = 0;
			knownRegions = (
				en,
				Base,
			);
			mainGroup = F727D5EC20AFAE450024B1F0;
			productRefGroup = F727D5F620AFAE450024B1F0 /* Products */;
			projectDirPath = "";
			projectRoot = "";
			targets = (
				F727D5F420AFAE450024B1F0 /* WQAutoScrollLabel */,
				F727D60C20AFAE450024B1F0 /* WQAutoScrollLabelTests */,
				F727D61720AFAE450024B1F0 /* WQAutoScrollLabelUITests */,
			);
		};
/* End PBXProject section */

/* Begin PBXResourcesBuildPhase section */
		F727D5F320AFAE450024B1F0 /* Resources */ = {
			isa = PBXResourcesBuildPhase;
			buildActionMask = 2147483647;
			files = (
				F727D60520AFAE450024B1F0 /* LaunchScreen.storyboard in Resources */,
				F727D60220AFAE450024B1F0 /* Assets.xcassets in Resources */,
				F727D60020AFAE450024B1F0 /* Main.storyboard in Resources */,
			);
			runOnlyForDeploymentPostprocessing = 0;
		};
		F727D60B20AFAE450024B1F0 /* Resources */ = {
			isa = PBXResourcesBuildPhase;
			buildActionMask = 2147483647;
			files = (
			);
			runOnlyForDeploymentPostprocessing = 0;
		};
		F727D61620AFAE450024B1F0 /* Resources */ = {
			isa = PBXResourcesBuildPhase;
			buildActionMask = 2147483647;
			files = (
			);
			runOnlyForDeploymentPostprocessing = 0;
		};
/* End PBXResourcesBuildPhase section */

/* Begin PBXSourcesBuildPhase section */
		F727D5F120AFAE450024B1F0 /* Sources */ = {
			isa = PBXSourcesBuildPhase;
			buildActionMask = 2147483647;
			files = (
				F727D62C20AFAEA40024B1F0 /* WQAutoScrollView.m in Sources */,
				F727D62F20B044070024B1F0 /* AViewController.m in Sources */,
				F727D5FD20AFAE450024B1F0 /* ViewController.m in Sources */,
				F727D60820AFAE450024B1F0 /* main.m in Sources */,
				F727D5FA20AFAE450024B1F0 /* AppDelegate.m in Sources */,
			);
			runOnlyForDeploymentPostprocessing = 0;
		};
		F727D60920AFAE450024B1F0 /* Sources */ = {
			isa = PBXSourcesBuildPhase;
			buildActionMask = 2147483647;
			files = (
				F727D61220AFAE450024B1F0 /* WQAutoScrollLabelTests.m in Sources */,
			);
			runOnlyForDeploymentPostprocessing = 0;
		};
		F727D61420AFAE450024B1F0 /* Sources */ = {
			isa = PBXSourcesBuildPhase;
			buildActionMask = 2147483647;
			files = (
				F727D61D20AFAE450024B1F0 /* WQAutoScrollLabelUITests.m in Sources */,
			);
			runOnlyForDeploymentPostprocessing = 0;
		};
/* End PBXSourcesBuildPhase section */

/* Begin PBXTargetDependency section */
		F727D60F20AFAE450024B1F0 /* PBXTargetDependency */ = {
			isa = PBXTargetDependency;
			target = F727D5F420AFAE450024B1F0 /* WQAutoScrollLabel */;
			targetProxy = F727D60E20AFAE450024B1F0 /* PBXContainerItemProxy */;
		};
		F727D61A20AFAE450024B1F0 /* PBXTargetDependency */ = {
			isa = PBXTargetDependency;
			target = F727D5F420AFAE450024B1F0 /* WQAutoScrollLabel */;
			targetProxy = F727D61920AFAE450024B1F0 /* PBXContainerItemProxy */;
		};
/* End PBXTargetDependency section */

/* Begin PBXVariantGroup section */
		F727D5FE20AFAE450024B1F0 /* Main.storyboard */ = {
			isa = PBXVariantGroup;
			children = (
				F727D5FF20AFAE450024B1F0 /* Base */,
			);
			name = Main.storyboard;
			sourceTree = "<group>";
		};
		F727D60320AFAE450024B1F0 /* LaunchScreen.storyboard */ = {
			isa = PBXVariantGroup;
			children = (
				F727D60420AFAE450024B1F0 /* Base */,
			);
			name = LaunchScreen.storyboard;
			sourceTree = "<group>";
		};
/* End PBXVariantGroup section */

/* Begin XCBuildConfiguration section */
		F727D61F20AFAE450024B1F0 /* Debug */ = {
			isa = XCBuildConfiguration;
			buildSettings = {
				ALWAYS_SEARCH_USER_PATHS = NO;
				CLANG_ANALYZER_NONNULL = YES;
				CLANG_ANALYZER_NUMBER_OBJECT_CONVERSION = YES_AGGRESSIVE;
				CLANG_CXX_LANGUAGE_STANDARD = "gnu++14";
				CLANG_CXX_LIBRARY = "libc++";
				CLANG_ENABLE_MODULES = YES;
				CLANG_ENABLE_OBJC_ARC = YES;
				CLANG_WARN_BLOCK_CAPTURE_AUTORELEASING = YES;
				CLANG_WARN_BOOL_CONVERSION = YES;
				CLANG_WARN_COMMA = YES;
				CLANG_WARN_CONSTANT_CONVERSION = YES;
				CLANG_WARN_DIRECT_OBJC_ISA_USAGE = YES_ERROR;
				CLANG_WARN_DOCUMENTATION_COMMENTS = YES;
				CLANG_WARN_EMPTY_BODY = YES;
				CLANG_WARN_ENUM_CONVERSION = YES;
				CLANG_WARN_INFINITE_RECURSION = YES;
				CLANG_WARN_INT_CONVERSION = YES;
				CLANG_WARN_NON_LITERAL_NULL_CONVERSION = YES;
				CLANG_WARN_OBJC_LITERAL_CONVERSION = YES;
				CLANG_WARN_OBJC_ROOT_CLASS = YES_ERROR;
				CLANG_WARN_RANGE_LOOP_ANALYSIS = YES;
				CLANG_WARN_STRICT_PROTOTYPES = YES;
				CLANG_WARN_SUSPICIOUS_MOVE = YES;
				CLANG_WARN_UNGUARDED_AVAILABILITY = YES_AGGRESSIVE;
				CLANG_WARN_UNREACHABLE_CODE = YES;
				CLANG_WARN__DUPLICATE_METHOD_MATCH = YES;
				CODE_SIGN_IDENTITY = "iPhone Developer";
				COPY_PHASE_STRIP = NO;
				DEBUG_INFORMATION_FORMAT = dwarf;
				ENABLE_STRICT_OBJC_MSGSEND = YES;
				ENABLE_TESTABILITY = YES;
				GCC_C_LANGUAGE_STANDARD = gnu11;
				GCC_DYNAMIC_NO_PIC = NO;
				GCC_NO_COMMON_BLOCKS = YES;
				GCC_OPTIMIZATION_LEVEL = 0;
				GCC_PREPROCESSOR_DEFINITIONS = (
					"DEBUG=1",
					"$(inherited)",
				);
				GCC_WARN_64_TO_32_BIT_CONVERSION = YES;
				GCC_WARN_ABOUT_RETURN_TYPE = YES_ERROR;
				GCC_WARN_UNDECLARED_SELECTOR = YES;
				GCC_WARN_UNINITIALIZED_AUTOS = YES_AGGRESSIVE;
				GCC_WARN_UNUSED_FUNCTION = YES;
				GCC_WARN_UNUSED_VARIABLE = YES;
				IPHONEOS_DEPLOYMENT_TARGET = 11.1;
				MTL_ENABLE_DEBUG_INFO = YES;
				ONLY_ACTIVE_ARCH = YES;
				SDKROOT = iphoneos;
			};
			name = Debug;
		};
		F727D62020AFAE450024B1F0 /* Release */ = {
			isa = XCBuildConfiguration;
			buildSettings = {
				ALWAYS_SEARCH_USER_PATHS = NO;
				CLANG_ANALYZER_NONNULL = YES;
				CLANG_ANALYZER_NUMBER_OBJECT_CONVERSION = YES_AGGRESSIVE;
				CLANG_CXX_LANGUAGE_STANDARD = "gnu++14";
				CLANG_CXX_LIBRARY = "libc++";
				CLANG_ENABLE_MODULES = YES;
				CLANG_ENABLE_OBJC_ARC = YES;
				CLANG_WARN_BLOCK_CAPTURE_AUTORELEASING = YES;
				CLANG_WARN_BOOL_CONVERSION = YES;
				CLANG_WARN_COMMA = YES;
				CLANG_WARN_CONSTANT_CONVERSION = YES;
				CLANG_WARN_DIRECT_OBJC_ISA_USAGE = YES_ERROR;
				CLANG_WARN_DOCUMENTATION_COMMENTS = YES;
				CLANG_WARN_EMPTY_BODY = YES;
				CLANG_WARN_ENUM_CONVERSION = YES;
				CLANG_WARN_INFINITE_RECURSION = YES;
				CLANG_WARN_INT_CONVERSION = YES;
				CLANG_WARN_NON_LITERAL_NULL_CONVERSION = YES;
				CLANG_WARN_OBJC_LITERAL_CONVERSION = YES;
				CLANG_WARN_OBJC_ROOT_CLASS = YES_ERROR;
				CLANG_WARN_RANGE_LOOP_ANALYSIS = YES;
				CLANG_WARN_STRICT_PROTOTYPES = YES;
				CLANG_WARN_SUSPICIOUS_MOVE = YES;
				CLANG_WARN_UNGUARDED_AVAILABILITY = YES_AGGRESSIVE;
				CLANG_WARN_UNREACHABLE_CODE = YES;
				CLANG_WARN__DUPLICATE_METHOD_MATCH = YES;
				CODE_SIGN_IDENTITY = "iPhone Developer";
				COPY_PHASE_STRIP = NO;
				DEBUG_INFORMATION_FORMAT = "dwarf-with-dsym";
				ENABLE_NS_ASSERTIONS = NO;
				ENABLE_STRICT_OBJC_MSGSEND = YES;
				GCC_C_LANGUAGE_STANDARD = gnu11;
				GCC_NO_COMMON_BLOCKS = YES;
				GCC_WARN_64_TO_32_BIT_CONVERSION = YES;
				GCC_WARN_ABOUT_RETURN_TYPE = YES_ERROR;
				GCC_WARN_UNDECLARED_SELECTOR = YES;
				GCC_WARN_UNINITIALIZED_AUTOS = YES_AGGRESSIVE;
				GCC_WARN_UNUSED_FUNCTION = YES;
				GCC_WARN_UNUSED_VARIABLE = YES;
				IPHONEOS_DEPLOYMENT_TARGET = 11.1;
				MTL_ENABLE_DEBUG_INFO = NO;
				SDKROOT = iphoneos;
				VALIDATE_PRODUCT = YES;
			};
			name = Release;
		};
		F727D62220AFAE450024B1F0 /* Debug */ = {
			isa = XCBuildConfiguration;
			buildSettings = {
				ASSETCATALOG_COMPILER_APPICON_NAME = AppIcon;
				CODE_SIGN_STYLE = Automatic;
				INFOPLIST_FILE = WQAutoScrollLabel/Info.plist;
				LD_RUNPATH_SEARCH_PATHS = "$(inherited) @executable_path/Frameworks";
				PRODUCT_BUNDLE_IDENTIFIER = com.xfq.WQAutoScrollLabel;
				PRODUCT_NAME = "$(TARGET_NAME)";
				TARGETED_DEVICE_FAMILY = "1,2";
			};
			name = Debug;
		};
		F727D62320AFAE450024B1F0 /* Release */ = {
			isa = XCBuildConfiguration;
			buildSettings = {
				ASSETCATALOG_COMPILER_APPICON_NAME = AppIcon;
				CODE_SIGN_STYLE = Automatic;
				INFOPLIST_FILE = WQAutoScrollLabel/Info.plist;
				LD_RUNPATH_SEARCH_PATHS = "$(inherited) @executable_path/Frameworks";
				PRODUCT_BUNDLE_IDENTIFIER = com.xfq.WQAutoScrollLabel;
				PRODUCT_NAME = "$(TARGET_NAME)";
				TARGETED_DEVICE_FAMILY = "1,2";
			};
			name = Release;
		};
		F727D62520AFAE450024B1F0 /* Debug */ = {
			isa = XCBuildConfiguration;
			buildSettings = {
				BUNDLE_LOADER = "$(TEST_HOST)";
				CODE_SIGN_STYLE = Automatic;
				INFOPLIST_FILE = WQAutoScrollLabelTests/Info.plist;
				LD_RUNPATH_SEARCH_PATHS = "$(inherited) @executable_path/Frameworks @loader_path/Frameworks";
				PRODUCT_BUNDLE_IDENTIFIER = com.xfq.WQAutoScrollLabelTests;
				PRODUCT_NAME = "$(TARGET_NAME)";
				TARGETED_DEVICE_FAMILY = "1,2";
				TEST_HOST = "$(BUILT_PRODUCTS_DIR)/WQAutoScrollLabel.app/WQAutoScrollLabel";
			};
			name = Debug;
		};
		F727D62620AFAE450024B1F0 /* Release */ = {
			isa = XCBuildConfiguration;
			buildSettings = {
				BUNDLE_LOADER = "$(TEST_HOST)";
				CODE_SIGN_STYLE = Automatic;
				INFOPLIST_FILE = WQAutoScrollLabelTests/Info.plist;
				LD_RUNPATH_SEARCH_PATHS = "$(inherited) @executable_path/Frameworks @loader_path/Frameworks";
				PRODUCT_BUNDLE_IDENTIFIER = com.xfq.WQAutoScrollLabelTests;
				PRODUCT_NAME = "$(TARGET_NAME)";
				TARGETED_DEVICE_FAMILY = "1,2";
				TEST_HOST = "$(BUILT_PRODUCTS_DIR)/WQAutoScrollLabel.app/WQAutoScrollLabel";
			};
			name = Release;
		};
		F727D62820AFAE450024B1F0 /* Debug */ = {
			isa = XCBuildConfiguration;
			buildSettings = {
				CODE_SIGN_STYLE = Automatic;
				INFOPLIST_FILE = WQAutoScrollLabelUITests/Info.plist;
				LD_RUNPATH_SEARCH_PATHS = "$(inherited) @executable_path/Frameworks @loader_path/Frameworks";
				PRODUCT_BUNDLE_IDENTIFIER = com.xfq.WQAutoScrollLabelUITests;
				PRODUCT_NAME = "$(TARGET_NAME)";
				TARGETED_DEVICE_FAMILY = "1,2";
				TEST_TARGET_NAME = WQAutoScrollLabel;
			};
			name = Debug;
		};
		F727D62920AFAE450024B1F0 /* Release */ = {
			isa = XCBuildConfiguration;
			buildSettings = {
				CODE_SIGN_STYLE = Automatic;
				INFOPLIST_FILE = WQAutoScrollLabelUITests/Info.plist;
				LD_RUNPATH_SEARCH_PATHS = "$(inherited) @executable_path/Frameworks @loader_path/Frameworks";
				PRODUCT_BUNDLE_IDENTIFIER = com.xfq.WQAutoScrollLabelUITests;
				PRODUCT_NAME = "$(TARGET_NAME)";
				TARGETED_DEVICE_FAMILY = "1,2";
				TEST_TARGET_NAME = WQAutoScrollLabel;
			};
			name = Release;
		};
/* End XCBuildConfiguration section */

/* Begin XCConfigurationList section */
		F727D5F020AFAE450024B1F0 /* Build configuration list for PBXProject "WQAutoScrollLabel" */ = {
			isa = XCConfigurationList;
			buildConfigurations = (
				F727D61F20AFAE450024B1F0 /* Debug */,
				F727D62020AFAE450024B1F0 /* Release */,
			);
			defaultConfigurationIsVisible = 0;
			defaultConfigurationName = Release;
		};
		F727D62120AFAE450024B1F0 /* Build configuration list for PBXNativeTarget "WQAutoScrollLabel" */ = {
			isa = XCConfigurationList;
			buildConfigurations = (
				F727D62220AFAE450024B1F0 /* Debug */,
				F727D62320AFAE450024B1F0 /* Release */,
			);
			defaultConfigurationIsVisible = 0;
			defaultConfigurationName = Release;
		};
		F727D62420AFAE450024B1F0 /* Build configuration list for PBXNativeTarget "WQAutoScrollLabelTests" */ = {
			isa = XCConfigurationList;
			buildConfigurations = (
				F727D62520AFAE450024B1F0 /* Debug */,
				F727D62620AFAE450024B1F0 /* Release */,
			);
			defaultConfigurationIsVisible = 0;
			defaultConfigurationName = Release;
		};
		F727D62720AFAE450024B1F0 /* Build configuration list for PBXNativeTarget "WQAutoScrollLabelUITests" */ = {
			isa = XCConfigurationList;
			buildConfigurations = (
				F727D62820AFAE450024B1F0 /* Debug */,
				F727D62920AFAE450024B1F0 /* Release */,
			);
			defaultConfigurationIsVisible = 0;
			defaultConfigurationName = Release;
		};
/* End XCConfigurationList section */
	};
	rootObject = F727D5ED20AFAE450024B1F0 /* Project object */;
}
